
Microsoft Visual Studio Solution File, Format Version 12.00
# Visual Studio Version 17
VisualStudioVersion = 17.14.36603.0 d17.14
MinimumVisualStudioVersion = 10.0.40219.1
Project("{FAE04EC0-301F-11D3-BF4B-00C04F79EFBC}") = "WebApplication2", "WebApplication2\WebApplication2.csproj", "{1DAF2706-6EA4-4D8E-92F0-902747C6E797}"
EndProject
Global
	GlobalSection(SolutionConfigurationPlatforms) = preSolution
		Debug|Any CPU = Debug|Any CPU
		Release|Any CPU = Release|Any CPU
	EndGlobalSection
	GlobalSection(ProjectConfigurationPlatforms) = postSolution
		{1DAF2706-6EA4-4D8E-92F0-902747C6E797}.Debug|Any CPU.ActiveCfg = Debug|Any CPU
		{1DAF2706-6EA4-4D8E-92F0-902747C6E797}.Debug|Any CPU.Build.0 = Debug|Any CPU
		{1DAF2706-6EA4-4D8E-92F0-902747C6E797}.Release|Any CPU.ActiveCfg = Release|Any CPU
		{1DAF2706-6EA4-4D8E-92F0-902747C6E797}.Release|Any CPU.Build.0 = Release|Any CPU
	EndGlobalSection
	GlobalSection(SolutionProperties) = preSolution
		HideSolutionNode = FALSE
	EndGlobalSection
	GlobalSection(ExtensibilityGlobals) = postSolution
		SolutionGuid = {65C1842B-80DB-4AFC-A356-437FB4EED02E}
	EndGlobalSection
EndGlobal
